
Microsoft Visual Studio Solution File, Format Version 12.00
# Visual Studio 15
VisualStudioVersion = 15.0.26403.7
MinimumVisualStudioVersion = 10.0.40219.1
Project("{FAE04EC0-301F-11D3-BF4B-00C04F79EFBC}") = "XamarinFormApp.Android", "XamarinFormApp\XamarinFormApp.Android\XamarinFormApp.Android.csproj", "{3F8B5B25-AFD2-4AE6-A42F-5B2B6DE9DA0C}"
EndProject
Project("{FAE04EC0-301F-11D3-BF4B-00C04F79EFBC}") = "XamarinFormApp", "XamarinFormApp\XamarinFormApp\XamarinFormApp.csproj", "{CD64550B-0597-45B2-A279-F169A551DA8E}"
EndProject
Project("{FAE04EC0-301F-11D3-BF4B-00C04F79EFBC}") = "XamarinFormApp.UWP", "XamarinFormApp\XamarinFormApp.UWP\XamarinFormApp.UWP.csproj", "{192B3F6A-2806-4848-881E-87D7187A5788}"
EndProject
Project("{FAE04EC0-301F-11D3-BF4B-00C04F79EFBC}") = "XamarinFormApp.iOS", "XamarinFormApp\XamarinFormApp.iOS\XamarinFormApp.iOS.csproj", "{904C78FB-6673-4408-910F-D6E070BEE324}"
EndProject
Global
	GlobalSection(SolutionConfigurationPlatforms) = preSolution
		Ad-Hoc|Any CPU = Ad-Hoc|Any CPU
		Ad-Hoc|ARM = Ad-Hoc|ARM
		Ad-Hoc|iPhone = Ad-Hoc|iPhone
		Ad-Hoc|iPhoneSimulator = Ad-Hoc|iPhoneSimulator
		Ad-Hoc|x64 = Ad-Hoc|x64
		Ad-Hoc|x86 = Ad-Hoc|x86
		AppStore|Any CPU = AppStore|Any CPU
		AppStore|ARM = AppStore|ARM
		AppStore|iPhone = AppStore|iPhone
		AppStore|iPhoneSimulator = AppStore|iPhoneSimulator
		AppStore|x64 = AppStore|x64
		AppStore|x86 = AppStore|x86
		Debug|Any CPU = Debug|Any CPU
		Debug|ARM = Debug|ARM
		Debug|iPhone = Debug|iPhone
		Debug|iPhoneSimulator = Debug|iPhoneSimulator
		Debug|x64 = Debug|x64
		Debug|x86 = Debug|x86
		Release|Any CPU = Release|Any CPU
		Release|ARM = Release|ARM
		Release|iPhone = Release|iPhone
		Release|iPhoneSimulator = Release|iPhoneSimulator
		Release|x64 = Release|x64
		Release|x86 = Release|x86
	EndGlobalSection
	GlobalSection(ProjectConfigurationPlatforms) = postSolution
		{3F8B5B25-AFD2-4AE6-A42F-5B2B6DE9DA0C}.Ad-Hoc|Any CPU.ActiveCfg = Release|Any CPU
		{3F8B5B25-AFD2-4AE6-A42F-5B2B6DE9DA0C}.Ad-Hoc|Any CPU.Build.0 = Release|Any CPU
		{3F8B5B25-AFD2-4AE6-A42F-5B2B6DE9DA0C}.Ad-Hoc|Any CPU.Deploy.0 = Release|Any CPU
		{3F8B5B25-AFD2-4AE6-A42F-5B2B6DE9DA0C}.Ad-Hoc|ARM.ActiveCfg = Release|Any CPU
		{3F8B5B25-AFD2-4AE6-A42F-5B2B6DE9DA0C}.Ad-Hoc|ARM.Build.0 = Release|Any CPU
		{3F8B5B25-AFD2-4AE6-A42F-5B2B6DE9DA0C}.Ad-Hoc|ARM.Deploy.0 = Release|Any CPU
		{3F8B5B25-AFD2-4AE6-A42F-5B2B6DE9DA0C}.Ad-Hoc|iPhone.ActiveCfg = Release|Any CPU
		{3F8B5B25-AFD2-4AE6-A42F-5B2B6DE9DA0C}.Ad-Hoc|iPhone.Build.0 = Release|Any CPU
		{3F8B5B25-AFD2-4AE6-A42F-5B2B6DE9DA0C}.Ad-Hoc|iPhone.Deploy.0 = Release|Any CPU
		{3F8B5B25-AFD2-4AE6-A42F-5B2B6DE9DA0C}.Ad-Hoc|iPhoneSimulator.ActiveCfg = Release|Any CPU
		{3F8B5B25-AFD2-4AE6-A42F-5B2B6DE9DA0C}.Ad-Hoc|iPhoneSimulator.Build.0 = Release|Any CPU
		{3F8B5B25-AFD2-4AE6-A42F-5B2B6DE9DA0C}.Ad-Hoc|iPhoneSimulator.Deploy.0 = Release|Any CPU
		{3F8B5B25-AFD2-4AE6-A42F-5B2B6DE9DA0C}.Ad-Hoc|x64.ActiveCfg = Release|Any CPU
		{3F8B5B25-AFD2-4AE6-A42F-5B2B6DE9DA0C}.Ad-Hoc|x64.Build.0 = Release|Any CPU
		{3F8B5B25-AFD2-4AE6-A42F-5B2B6DE9DA0C}.Ad-Hoc|x64.Deploy.0 = Release|Any CPU
		{3F8B5B25-AFD2-4AE6-A42F-5B2B6DE9DA0C}.Ad-Hoc|x86.ActiveCfg = Release|Any CPU
		{3F8B5B25-AFD2-4AE6-A42F-5B2B6DE9DA0C}.Ad-Hoc|x86.Build.0 = Release|Any CPU
		{3F8B5B25-AFD2-4AE6-A42F-5B2B6DE9DA0C}.Ad-Hoc|x86.Deploy.0 = Release|Any CPU
		{3F8B5B25-AFD2-4AE6-A42F-5B2B6DE9DA0C}.AppStore|Any CPU.ActiveCfg = Release|Any CPU
		{3F8B5B25-AFD2-4AE6-A42F-5B2B6DE9DA0C}.AppStore|Any CPU.Build.0 = Release|Any CPU
		{3F8B5B25-AFD2-4AE6-A42F-5B2B6DE9DA0C}.AppStore|Any CPU.Deploy.0 = Release|Any CPU
		{3F8B5B25-AFD2-4AE6-A42F-5B2B6DE9DA0C}.AppStore|ARM.ActiveCfg = Release|Any CPU
		{3F8B5B25-AFD2-4AE6-A42F-5B2B6DE9DA0C}.AppStore|ARM.Build.0 = Release|Any CPU
		{3F8B5B25-AFD2-4AE6-A42F-5B2B6DE9DA0C}.AppStore|ARM.Deploy.0 = Release|Any CPU
		{3F8B5B25-AFD2-4AE6-A42F-5B2B6DE9DA0C}.AppStore|iPhone.ActiveCfg = Release|Any CPU
		{3F8B5B25-AFD2-4AE6-A42F-5B2B6DE9DA0C}.AppStore|iPhone.Build.0 = Release|Any CPU
		{3F8B5B25-AFD2-4AE6-A42F-5B2B6DE9DA0C}.AppStore|iPhone.Deploy.0 = Release|Any CPU
		{3F8B5B25-AFD2-4AE6-A42F-5B2B6DE9DA0C}.AppStore|iPhoneSimulator.ActiveCfg = Release|Any CPU
		{3F8B5B25-AFD2-4AE6-A42F-5B2B6DE9DA0C}.AppStore|iPhoneSimulator.Build.0 = Release|Any CPU
		{3F8B5B25-AFD2-4AE6-A42F-5B2B6DE9DA0C}.AppStore|iPhoneSimulator.Deploy.0 = Release|Any CPU
		{3F8B5B25-AFD2-4AE6-A42F-5B2B6DE9DA0C}.AppStore|x64.ActiveCfg = Release|Any CPU
		{3F8B5B25-AFD2-4AE6-A42F-5B2B6DE9DA0C}.AppStore|x64.Build.0 = Release|Any CPU
		{3F8B5B25-AFD2-4AE6-A42F-5B2B6DE9DA0C}.AppStore|x64.Deploy.0 = Release|Any CPU
		{3F8B5B25-AFD2-4AE6-A42F-5B2B6DE9DA0C}.AppStore|x86.ActiveCfg = Release|Any CPU
		{3F8B5B25-AFD2-4AE6-A42F-5B2B6DE9DA0C}.AppStore|x86.Build.0 = Release|Any CPU
		{3F8B5B25-AFD2-4AE6-A42F-5B2B6DE9DA0C}.AppStore|x86.Deploy.0 = Release|Any CPU
		{3F8B5B25-AFD2-4AE6-A42F-5B2B6DE9DA0C}.Debug|Any CPU.ActiveCfg = Debug|Any CPU
		{3F8B5B25-AFD2-4AE6-A42F-5B2B6DE9DA0C}.Debug|Any CPU.Build.0 = Debug|Any CPU
		{3F8B5B25-AFD2-4AE6-A42F-5B2B6DE9DA0C}.Debug|Any CPU.Deploy.0 = Debug|Any CPU
		{3F8B5B25-AFD2-4AE6-A42F-5B2B6DE9DA0C}.Debug|ARM.ActiveCfg = Debug|Any CPU
		{3F8B5B25-AFD2-4AE6-A42F-5B2B6DE9DA0C}.Debug|ARM.Build.0 = Debug|Any CPU
		{3F8B5B25-AFD2-4AE6-A42F-5B2B6DE9DA0C}.Debug|ARM.Deploy.0 = Debug|Any CPU
		{3F8B5B25-AFD2-4AE6-A42F-5B2B6DE9DA0C}.Debug|iPhone.ActiveCfg = Debug|Any CPU
		{3F8B5B25-AFD2-4AE6-A42F-5B2B6DE9DA0C}.Debug|iPhone.Build.0 = Debug|Any CPU
		{3F8B5B25-AFD2-4AE6-A42F-5B2B6DE9DA0C}.Debug|iPhone.Deploy.0 = Debug|Any CPU
		{3F8B5B25-AFD2-4AE6-A42F-5B2B6DE9DA0C}.Debug|iPhoneSimulator.ActiveCfg = Debug|Any CPU
		{3F8B5B25-AFD2-4AE6-A42F-5B2B6DE9DA0C}.Debug|iPhoneSimulator.Build.0 = Debug|Any CPU
		{3F8B5B25-AFD2-4AE6-A42F-5B2B6DE9DA0C}.Debug|iPhoneSimulator.Deploy.0 = Debug|Any CPU
		{3F8B5B25-AFD2-4AE6-A42F-5B2B6DE9DA0C}.Debug|x64.ActiveCfg = Debug|Any CPU
		{3F8B5B25-AFD2-4AE6-A42F-5B2B6DE9DA0C}.Debug|x64.Build.0 = Debug|Any CPU
		{3F8B5B25-AFD2-4AE6-A42F-5B2B6DE9DA0C}.Debug|x64.Deploy.0 = Debug|Any CPU
		{3F8B5B25-AFD2-4AE6-A42F-5B2B6DE9DA0C}.Debug|x86.ActiveCfg = Debug|Any CPU
		{3F8B5B25-AFD2-4AE6-A42F-5B2B6DE9DA0C}.Debug|x86.Build.0 = Debug|Any CPU
		{3F8B5B25-AFD2-4AE6-A42F-5B2B6DE9DA0C}.Debug|x86.Deploy.0 = Debug|Any CPU
		{3F8B5B25-AFD2-4AE6-A42F-5B2B6DE9DA0C}.Release|Any CPU.ActiveCfg = Release|Any CPU
		{3F8B5B25-AFD2-4AE6-A42F-5B2B6DE9DA0C}.Release|Any CPU.Build.0 = Release|Any CPU
		{3F8B5B25-AFD2-4AE6-A42F-5B2B6DE9DA0C}.Release|Any CPU.Deploy.0 = Release|Any CPU
		{3F8B5B25-AFD2-4AE6-A42F-5B2B6DE9DA0C}.Release|ARM.ActiveCfg = Release|Any CPU
		{3F8B5B25-AFD2-4AE6-A42F-5B2B6DE9DA0C}.Release|ARM.Build.0 = Release|Any CPU
		{3F8B5B25-AFD2-4AE6-A42F-5B2B6DE9DA0C}.Release|ARM.Deploy.0 = Release|Any CPU
		{3F8B5B25-AFD2-4AE6-A42F-5B2B6DE9DA0C}.Release|iPhone.ActiveCfg = Release|Any CPU
		{3F8B5B25-AFD2-4AE6-A42F-5B2B6DE9DA0C}.Release|iPhone.Build.0 = Release|Any CPU
		{3F8B5B25-AFD2-4AE6-A42F-5B2B6DE9DA0C}.Release|iPhone.Deploy.0 = Release|Any CPU
		{3F8B5B25-AFD2-4AE6-A42F-5B2B6DE9DA0C}.Release|iPhoneSimulator.ActiveCfg = Release|Any CPU
		{3F8B5B25-AFD2-4AE6-A42F-5B2B6DE9DA0C}.Release|iPhoneSimulator.Build.0 = Release|Any CPU
		{3F8B5B25-AFD2-4AE6-A42F-5B2B6DE9DA0C}.Release|iPhoneSimulator.Deploy.0 = Release|Any CPU
		{3F8B5B25-AFD2-4AE6-A42F-5B2B6DE9DA0C}.Release|x64.ActiveCfg = Release|Any CPU
		{3F8B5B25-AFD2-4AE6-A42F-5B2B6DE9DA0C}.Release|x64.Build.0 = Release|Any CPU
		{3F8B5B25-AFD2-4AE6-A42F-5B2B6DE9DA0C}.Release|x64.Deploy.0 = Release|Any CPU
		{3F8B5B25-AFD2-4AE6-A42F-5B2B6DE9DA0C}.Release|x86.ActiveCfg = Release|Any CPU
		{3F8B5B25-AFD2-4AE6-A42F-5B2B6DE9DA0C}.Release|x86.Build.0 = Release|Any CPU
		{3F8B5B25-AFD2-4AE6-A42F-5B2B6DE9DA0C}.Release|x86.Deploy.0 = Release|Any CPU
		{CD64550B-0597-45B2-A279-F169A551DA8E}.Ad-Hoc|Any CPU.ActiveCfg = Release|Any CPU
		{CD64550B-0597-45B2-A279-F169A551DA8E}.Ad-Hoc|Any CPU.Build.0 = Release|Any CPU
		{CD64550B-0597-45B2-A279-F169A551DA8E}.Ad-Hoc|ARM.ActiveCfg = Release|Any CPU
		{CD64550B-0597-45B2-A279-F169A551DA8E}.Ad-Hoc|ARM.Build.0 = Release|Any CPU
		{CD64550B-0597-45B2-A279-F169A551DA8E}.Ad-Hoc|iPhone.ActiveCfg = Release|Any CPU
		{CD64550B-0597-45B2-A279-F169A551DA8E}.Ad-Hoc|iPhone.Build.0 = Release|Any CPU
		{CD64550B-0597-45B2-A279-F169A551DA8E}.Ad-Hoc|iPhoneSimulator.ActiveCfg = Release|Any CPU
		{CD64550B-0597-45B2-A279-F169A551DA8E}.Ad-Hoc|iPhoneSimulator.Build.0 = Release|Any CPU
		{CD64550B-0597-45B2-A279-F169A551DA8E}.Ad-Hoc|x64.ActiveCfg = Release|Any CPU
		{CD64550B-0597-45B2-A279-F169A551DA8E}.Ad-Hoc|x64.Build.0 = Release|Any CPU
		{CD64550B-0597-45B2-A279-F169A551DA8E}.Ad-Hoc|x86.ActiveCfg = Release|Any CPU
		{CD64550B-0597-45B2-A279-F169A551DA8E}.Ad-Hoc|x86.Build.0 = Release|Any CPU
		{CD64550B-0597-45B2-A279-F169A551DA8E}.AppStore|Any CPU.ActiveCfg = Release|Any CPU
		{CD64550B-0597-45B2-A279-F169A551DA8E}.AppStore|Any CPU.Build.0 = Release|Any CPU
		{CD64550B-0597-45B2-A279-F169A551DA8E}.AppStore|ARM.ActiveCfg = Release|Any CPU
		{CD64550B-0597-45B2-A279-F169A551DA8E}.AppStore|ARM.Build.0 = Release|Any CPU
		{CD64550B-0597-45B2-A279-F169A551DA8E}.AppStore|iPhone.ActiveCfg = Release|Any CPU
		{CD64550B-0597-45B2-A279-F169A551DA8E}.AppStore|iPhone.Build.0 = Release|Any CPU
		{CD64550B-0597-45B2-A279-F169A551DA8E}.AppStore|iPhoneSimulator.ActiveCfg = Release|Any CPU
		{CD64550B-0597-45B2-A279-F169A551DA8E}.AppStore|iPhoneSimulator.Build.0 = Release|Any CPU
		{CD64550B-0597-45B2-A279-F169A551DA8E}.AppStore|x64.ActiveCfg = Release|Any CPU
		{CD64550B-0597-45B2-A279-F169A551DA8E}.AppStore|x64.Build.0 = Release|Any CPU
		{CD64550B-0597-45B2-A279-F169A551DA8E}.AppStore|x86.ActiveCfg = Release|Any CPU
		{CD64550B-0597-45B2-A279-F169A551DA8E}.AppStore|x86.Build.0 = Release|Any CPU
		{CD64550B-0597-45B2-A279-F169A551DA8E}.Debug|Any CPU.ActiveCfg = Debug|Any CPU
		{CD64550B-0597-45B2-A279-F169A551DA8E}.Debug|Any CPU.Build.0 = Debug|Any CPU
		{CD64550B-0597-45B2-A279-F169A551DA8E}.Debug|ARM.ActiveCfg = Debug|Any CPU
		{CD64550B-0597-45B2-A279-F169A551DA8E}.Debug|ARM.Build.0 = Debug|Any CPU
		{CD64550B-0597-45B2-A279-F169A551DA8E}.Debug|iPhone.ActiveCfg = Debug|Any CPU
		{CD64550B-0597-45B2-A279-F169A551DA8E}.Debug|iPhone.Build.0 = Debug|Any CPU
		{CD64550B-0597-45B2-A279-F169A551DA8E}.Debug|iPhoneSimulator.ActiveCfg = Debug|Any CPU
		{CD64550B-0597-45B2-A279-F169A551DA8E}.Debug|iPhoneSimulator.Build.0 = Debug|Any CPU
		{CD64550B-0597-45B2-A279-F169A551DA8E}.Debug|x64.ActiveCfg = Debug|Any CPU
		{CD64550B-0597-45B2-A279-F169A551DA8E}.Debug|x64.Build.0 = Debug|Any CPU
		{CD64550B-0597-45B2-A279-F169A551DA8E}.Debug|x86.ActiveCfg = Debug|Any CPU
		{CD64550B-0597-45B2-A279-F169A551DA8E}.Debug|x86.Build.0 = Debug|Any CPU
		{CD64550B-0597-45B2-A279-F169A551DA8E}.Release|Any CPU.ActiveCfg = Release|Any CPU
		{CD64550B-0597-45B2-A279-F169A551DA8E}.Release|Any CPU.Build.0 = Release|Any CPU
		{CD64550B-0597-45B2-A279-F169A551DA8E}.Release|ARM.ActiveCfg = Release|Any CPU
		{CD64550B-0597-45B2-A279-F169A551DA8E}.Release|ARM.Build.0 = Release|Any CPU
		{CD64550B-0597-45B2-A279-F169A551DA8E}.Release|iPhone.ActiveCfg = Release|Any CPU
		{CD64550B-0597-45B2-A279-F169A551DA8E}.Release|iPhone.Build.0 = Release|Any CPU
		{CD64550B-0597-45B2-A279-F169A551DA8E}.Release|iPhoneSimulator.ActiveCfg = Release|Any CPU
		{CD64550B-0597-45B2-A279-F169A551DA8E}.Release|iPhoneSimulator.Build.0 = Release|Any CPU
		{CD64550B-0597-45B2-A279-F169A551DA8E}.Release|x64.ActiveCfg = Release|Any CPU
		{CD64550B-0597-45B2-A279-F169A551DA8E}.Release|x64.Build.0 = Release|Any CPU
		{CD64550B-0597-45B2-A279-F169A551DA8E}.Release|x86.ActiveCfg = Release|Any CPU
		{CD64550B-0597-45B2-A279-F169A551DA8E}.Release|x86.Build.0 = Release|Any CPU
		{192B3F6A-2806-4848-881E-87D7187A5788}.Ad-Hoc|Any CPU.ActiveCfg = Release|x86
		{192B3F6A-2806-4848-881E-87D7187A5788}.Ad-Hoc|Any CPU.Build.0 = Release|x86
		{192B3F6A-2806-4848-881E-87D7187A5788}.Ad-Hoc|Any CPU.Deploy.0 = Release|x86
		{192B3F6A-2806-4848-881E-87D7187A5788}.Ad-Hoc|ARM.ActiveCfg = Release|ARM
		{192B3F6A-2806-4848-881E-87D7187A5788}.Ad-Hoc|ARM.Build.0 = Release|ARM
		{192B3F6A-2806-4848-881E-87D7187A5788}.Ad-Hoc|ARM.Deploy.0 = Release|ARM
		{192B3F6A-2806-4848-881E-87D7187A5788}.Ad-Hoc|iPhone.ActiveCfg = Release|x86
		{192B3F6A-2806-4848-881E-87D7187A5788}.Ad-Hoc|iPhone.Build.0 = Release|x86
		{192B3F6A-2806-4848-881E-87D7187A5788}.Ad-Hoc|iPhone.Deploy.0 = Release|x86
		{192B3F6A-2806-4848-881E-87D7187A5788}.Ad-Hoc|iPhoneSimulator.ActiveCfg = Release|x86
		{192B3F6A-2806-4848-881E-87D7187A5788}.Ad-Hoc|iPhoneSimulator.Build.0 = Release|x86
		{192B3F6A-2806-4848-881E-87D7187A5788}.Ad-Hoc|iPhoneSimulator.Deploy.0 = Release|x86
		{192B3F6A-2806-4848-881E-87D7187A5788}.Ad-Hoc|x64.ActiveCfg = Release|x64
		{192B3F6A-2806-4848-881E-87D7187A5788}.Ad-Hoc|x64.Build.0 = Release|x64
		{192B3F6A-2806-4848-881E-87D7187A5788}.Ad-Hoc|x64.Deploy.0 = Release|x64
		{192B3F6A-2806-4848-881E-87D7187A5788}.Ad-Hoc|x86.ActiveCfg = Release|x86
		{192B3F6A-2806-4848-881E-87D7187A5788}.Ad-Hoc|x86.Build.0 = Release|x86
		{192B3F6A-2806-4848-881E-87D7187A5788}.Ad-Hoc|x86.Deploy.0 = Release|x86
		{192B3F6A-2806-4848-881E-87D7187A5788}.AppStore|Any CPU.ActiveCfg = Release|x86
		{192B3F6A-2806-4848-881E-87D7187A5788}.AppStore|Any CPU.Build.0 = Release|x86
		{192B3F6A-2806-4848-881E-87D7187A5788}.AppStore|Any CPU.Deploy.0 = Release|x86
		{192B3F6A-2806-4848-881E-87D7187A5788}.AppStore|ARM.ActiveCfg = Release|ARM
		{192B3F6A-2806-4848-881E-87D7187A5788}.AppStore|ARM.Build.0 = Release|ARM
		{192B3F6A-2806-4848-881E-87D7187A5788}.AppStore|ARM.Deploy.0 = Release|ARM
		{192B3F6A-2806-4848-881E-87D7187A5788}.AppStore|iPhone.ActiveCfg = Release|x86
		{192B3F6A-2806-4848-881E-87D7187A5788}.AppStore|iPhone.Build.0 = Release|x86
		{192B3F6A-2806-4848-881E-87D7187A5788}.AppStore|iPhone.Deploy.0 = Release|x86
		{192B3F6A-2806-4848-881E-87D7187A5788}.AppStore|iPhoneSimulator.ActiveCfg = Release|x86
		{192B3F6A-2806-4848-881E-87D7187A5788}.AppStore|iPhoneSimulator.Build.0 = Release|x86
		{192B3F6A-2806-4848-881E-87D7187A5788}.AppStore|iPhoneSimulator.Deploy.0 = Release|x86
		{192B3F6A-2806-4848-881E-87D7187A5788}.AppStore|x64.ActiveCfg = Release|x64
		{192B3F6A-2806-4848-881E-87D7187A5788}.AppStore|x64.Build.0 = Release|x64
		{192B3F6A-2806-4848-881E-87D7187A5788}.AppStore|x64.Deploy.0 = Release|x64
		{192B3F6A-2806-4848-881E-87D7187A5788}.AppStore|x86.ActiveCfg = Release|x86
		{192B3F6A-2806-4848-881E-87D7187A5788}.AppStore|x86.Build.0 = Release|x86
		{192B3F6A-2806-4848-881E-87D7187A5788}.AppStore|x86.Deploy.0 = Release|x86
		{192B3F6A-2806-4848-881E-87D7187A5788}.Debug|Any CPU.ActiveCfg = Debug|x86
		{192B3F6A-2806-4848-881E-87D7187A5788}.Debug|ARM.ActiveCfg = Debug|ARM
		{192B3F6A-2806-4848-881E-87D7187A5788}.Debug|ARM.Build.0 = Debug|ARM
		{192B3F6A-2806-4848-881E-87D7187A5788}.Debug|ARM.Deploy.0 = Debug|ARM
		{192B3F6A-2806-4848-881E-87D7187A5788}.Debug|iPhone.ActiveCfg = Debug|x86
		{192B3F6A-2806-4848-881E-87D7187A5788}.Debug|iPhoneSimulator.ActiveCfg = Debug|x86
		{192B3F6A-2806-4848-881E-87D7187A5788}.Debug|x64.ActiveCfg = Debug|x64
		{192B3F6A-2806-4848-881E-87D7187A5788}.Debug|x64.Build.0 = Debug|x64
		{192B3F6A-2806-4848-881E-87D7187A5788}.Debug|x64.Deploy.0 = Debug|x64
		{192B3F6A-2806-4848-881E-87D7187A5788}.Debug|x86.ActiveCfg = Debug|x86
		{192B3F6A-2806-4848-881E-87D7187A5788}.Debug|x86.Build.0 = Debug|x86
		{192B3F6A-2806-4848-881E-87D7187A5788}.Debug|x86.Deploy.0 = Debug|x86
		{192B3F6A-2806-4848-881E-87D7187A5788}.Release|Any CPU.ActiveCfg = Release|x86
		{192B3F6A-2806-4848-881E-87D7187A5788}.Release|ARM.ActiveCfg = Release|ARM
		{192B3F6A-2806-4848-881E-87D7187A5788}.Release|ARM.Build.0 = Release|ARM
		{192B3F6A-2806-4848-881E-87D7187A5788}.Release|ARM.Deploy.0 = Release|ARM
		{192B3F6A-2806-4848-881E-87D7187A5788}.Release|iPhone.ActiveCfg = Release|x86
		{192B3F6A-2806-4848-881E-87D7187A5788}.Release|iPhoneSimulator.ActiveCfg = Release|x86
		{192B3F6A-2806-4848-881E-87D7187A5788}.Release|x64.ActiveCfg = Release|x64
		{192B3F6A-2806-4848-881E-87D7187A5788}.Release|x64.Build.0 = Release|x64
		{192B3F6A-2806-4848-881E-87D7187A5788}.Release|x64.Deploy.0 = Release|x64
		{192B3F6A-2806-4848-881E-87D7187A5788}.Release|x86.ActiveCfg = Release|x86
		{192B3F6A-2806-4848-881E-87D7187A5788}.Release|x86.Build.0 = Release|x86
		{192B3F6A-2806-4848-881E-87D7187A5788}.Release|x86.Deploy.0 = Release|x86
		{904C78FB-6673-4408-910F-D6E070BEE324}.Ad-Hoc|Any CPU.ActiveCfg = Ad-Hoc|iPhone
		{904C78FB-6673-4408-910F-D6E070BEE324}.Ad-Hoc|ARM.ActiveCfg = Ad-Hoc|iPhone
		{904C78FB-6673-4408-910F-D6E070BEE324}.Ad-Hoc|iPhone.ActiveCfg = Ad-Hoc|iPhone
		{904C78FB-6673-4408-910F-D6E070BEE324}.Ad-Hoc|iPhone.Build.0 = Ad-Hoc|iPhone
		{904C78FB-6673-4408-910F-D6E070BEE324}.Ad-Hoc|iPhoneSimulator.ActiveCfg = Ad-Hoc|iPhoneSimulator
		{904C78FB-6673-4408-910F-D6E070BEE324}.Ad-Hoc|iPhoneSimulator.Build.0 = Ad-Hoc|iPhoneSimulator
		{904C78FB-6673-4408-910F-D6E070BEE324}.Ad-Hoc|x64.ActiveCfg = Ad-Hoc|iPhone
		{904C78FB-6673-4408-910F-D6E070BEE324}.Ad-Hoc|x86.ActiveCfg = Ad-Hoc|iPhone
		{904C78FB-6673-4408-910F-D6E070BEE324}.AppStore|Any CPU.ActiveCfg = AppStore|iPhone
		{904C78FB-6673-4408-910F-D6E070BEE324}.AppStore|ARM.ActiveCfg = AppStore|iPhone
		{904C78FB-6673-4408-910F-D6E070BEE324}.AppStore|iPhone.ActiveCfg = AppStore|iPhone
		{904C78FB-6673-4408-910F-D6E070BEE324}.AppStore|iPhone.Build.0 = AppStore|iPhone
		{904C78FB-6673-4408-910F-D6E070BEE324}.AppStore|iPhoneSimulator.ActiveCfg = AppStore|iPhoneSimulator
		{904C78FB-6673-4408-910F-D6E070BEE324}.AppStore|iPhoneSimulator.Build.0 = AppStore|iPhoneSimulator
		{904C78FB-6673-4408-910F-D6E070BEE324}.AppStore|x64.ActiveCfg = AppStore|iPhone
		{904C78FB-6673-4408-910F-D6E070BEE324}.AppStore|x86.ActiveCfg = AppStore|iPhone
		{904C78FB-6673-4408-910F-D6E070BEE324}.Debug|Any CPU.ActiveCfg = Debug|iPhone
		{904C78FB-6673-4408-910F-D6E070BEE324}.Debug|ARM.ActiveCfg = Debug|iPhone
		{904C78FB-6673-4408-910F-D6E070BEE324}.Debug|iPhone.ActiveCfg = Debug|iPhone
		{904C78FB-6673-4408-910F-D6E070BEE324}.Debug|iPhone.Build.0 = Debug|iPhone
		{904C78FB-6673-4408-910F-D6E070BEE324}.Debug|iPhoneSimulator.ActiveCfg = Debug|iPhoneSimulator
		{904C78FB-6673-4408-910F-D6E070BEE324}.Debug|iPhoneSimulator.Build.0 = Debug|iPhoneSimulator
		{904C78FB-6673-4408-910F-D6E070BEE324}.Debug|x64.ActiveCfg = Debug|iPhone
		{904C78FB-6673-4408-910F-D6E070BEE324}.Debug|x86.ActiveCfg = Debug|iPhone
		{904C78FB-6673-4408-910F-D6E070BEE324}.Release|Any CPU.ActiveCfg = Release|iPhone
		{904C78FB-6673-4408-910F-D6E070BEE324}.Release|ARM.ActiveCfg = Release|iPhone
		{904C78FB-6673-4408-910F-D6E070BEE324}.Release|iPhone.ActiveCfg = Release|iPhone
		{904C78FB-6673-4408-910F-D6E070BEE324}.Release|iPhone.Build.0 = Release|iPhone
		{904C78FB-6673-4408-910F-D6E070BEE324}.Release|iPhoneSimulator.ActiveCfg = Release|iPhoneSimulator
		{904C78FB-6673-4408-910F-D6E070BEE324}.Release|iPhoneSimulator.Build.0 = Release|iPhoneSimulator
		{904C78FB-6673-4408-910F-D6E070BEE324}.Release|x64.ActiveCfg = Release|iPhone
		{904C78FB-6673-4408-910F-D6E070BEE324}.Release|x86.ActiveCfg = Release|iPhone
	EndGlobalSection
	GlobalSection(SolutionProperties) = preSolution
		HideSolutionNode = FALSE
	EndGlobalSection
EndGlobal
